
Microsoft Visual Studio Solution File, Format Version 12.00
# Visual Studio 15
VisualStudioVersion = 15.0.28307.572
MinimumVisualStudioVersion = 10.0.40219.1
Project("{FAE04EC0-301F-11D3-BF4B-00C04F79EFBC}") = "OdeToFood", "OdeToFood\OdeToFood.csproj", "{BFBDB0F3-791B-4844-9AEF-7AAC5B347AB9}"
EndProject
Global
	GlobalSection(SolutionConfigurationPlatforms) = preSolution
		Debug|Any CPU = Debug|Any CPU
		Release|Any CPU = Release|Any CPU
	EndGlobalSection
	GlobalSection(ProjectConfigurationPlatforms) = postSolution
		{BFBDB0F3-791B-4844-9AEF-7AAC5B347AB9}.Debug|Any CPU.ActiveCfg = Debug|Any CPU
		{BFBDB0F3-791B-4844-9AEF-7AAC5B347AB9}.Debug|Any CPU.Build.0 = Debug|Any CPU
		{BFBDB0F3-791B-4844-9AEF-7AAC5B347AB9}.Release|Any CPU.ActiveCfg = Release|Any CPU
		{BFBDB0F3-791B-4844-9AEF-7AAC5B347AB9}.Release|Any CPU.Build.0 = Release|Any CPU
	EndGlobalSection
	GlobalSection(SolutionProperties) = preSolution
		HideSolutionNode = FALSE
	EndGlobalSection
	GlobalSection(ExtensibilityGlobals) = postSolution
		SolutionGuid = {91F0EBA3-AB4C-42F1-AB90-2A62B0287B4D}
	EndGlobalSection
EndGlobal
